// !$*UTF8*$!
{
	archiveVersion = 1;
	classes = {
	};
	objectVersion = 56;
	objects = {

/* Begin PBXBuildFile section */
		1EA0F5531D1060B58E314D6B /* Pods_Netflix_NetflixUITests.framework in Frameworks */ = {isa = PBXBuildFile; fileRef = B5571EF57C600DDF8200BB8F /* Pods_Netflix_NetflixUITests.framework */; };
		6F4DB968DEF038CEFC7AD9E5 /* Pods_Netflix.framework in Frameworks */ = {isa = PBXBuildFile; fileRef = 4BCFD830592E3C085F48A6D5 /* Pods_Netflix.framework */; };
		843CA1A02BCD0CAE007F7812 /* TabBarViewController.swift in Sources */ = {isa = PBXBuildFile; fileRef = 843CA19F2BCD0CAE007F7812 /* TabBarViewController.swift */; };
		845800712BE36A49002B16C3 /* GoogleService-Info.plist in Resources */ = {isa = PBXBuildFile; fileRef = 845800702BE36A49002B16C3 /* GoogleService-Info.plist */; };
		8468613E2BDF3C8400BC9490 /* HomeViewModel.swift in Sources */ = {isa = PBXBuildFile; fileRef = 8468613D2BDF3C8400BC9490 /* HomeViewModel.swift */; };
		846861432BDF3F7200BC9490 /* NewAndHotViewController.swift in Sources */ = {isa = PBXBuildFile; fileRef = 846861412BDF3F7200BC9490 /* NewAndHotViewController.swift */; };
		846861442BDF3F7200BC9490 /* NewAndHotViewController.xib in Resources */ = {isa = PBXBuildFile; fileRef = 846861422BDF3F7200BC9490 /* NewAndHotViewController.xib */; };
		846861462BDF401400BC9490 /* ListMovieViewModel.swift in Sources */ = {isa = PBXBuildFile; fileRef = 846861452BDF401400BC9490 /* ListMovieViewModel.swift */; };
		8468614A2BDF404000BC9490 /* SearchViewController.swift in Sources */ = {isa = PBXBuildFile; fileRef = 846861482BDF404000BC9490 /* SearchViewController.swift */; };
		8468614B2BDF404000BC9490 /* SearchViewController.xib in Resources */ = {isa = PBXBuildFile; fileRef = 846861492BDF404000BC9490 /* SearchViewController.xib */; };
		8468614D2BDF405A00BC9490 /* SearchViewModel.swift in Sources */ = {isa = PBXBuildFile; fileRef = 8468614C2BDF405A00BC9490 /* SearchViewModel.swift */; };
		846861512BDF419B00BC9490 /* FastLaughsViewController.swift in Sources */ = {isa = PBXBuildFile; fileRef = 8468614F2BDF419B00BC9490 /* FastLaughsViewController.swift */; };
		846861522BDF419B00BC9490 /* FastLaughsViewController.xib in Resources */ = {isa = PBXBuildFile; fileRef = 846861502BDF419B00BC9490 /* FastLaughsViewController.xib */; };
		846861542BDF41BA00BC9490 /* FastLaughsViewModel.swift in Sources */ = {isa = PBXBuildFile; fileRef = 846861532BDF41BA00BC9490 /* FastLaughsViewModel.swift */; };
		846861572BDF41F800BC9490 /* DownloadViewController.swift in Sources */ = {isa = PBXBuildFile; fileRef = 846861552BDF41F800BC9490 /* DownloadViewController.swift */; };
		846861582BDF41F800BC9490 /* DownloadViewController.xib in Resources */ = {isa = PBXBuildFile; fileRef = 846861562BDF41F800BC9490 /* DownloadViewController.xib */; };
		8468615B2BDF422500BC9490 /* DownloadViewModel.swift in Sources */ = {isa = PBXBuildFile; fileRef = 8468615A2BDF422500BC9490 /* DownloadViewModel.swift */; };
		8468615F2BDF42B100BC9490 /* UserManagementViewController.swift in Sources */ = {isa = PBXBuildFile; fileRef = 8468615D2BDF42B100BC9490 /* UserManagementViewController.swift */; };
		846861602BDF42B100BC9490 /* UserManagementViewController.xib in Resources */ = {isa = PBXBuildFile; fileRef = 8468615E2BDF42B100BC9490 /* UserManagementViewController.xib */; };
		846861622BDF42CE00BC9490 /* UserManagementViewModel.swift in Sources */ = {isa = PBXBuildFile; fileRef = 846861612BDF42CE00BC9490 /* UserManagementViewModel.swift */; };
		8468616E2BDF45D000BC9490 /* WatchingMovieViewController.swift in Sources */ = {isa = PBXBuildFile; fileRef = 8468616C2BDF45D000BC9490 /* WatchingMovieViewController.swift */; };
		8468616F2BDF45D000BC9490 /* WatchingMovieViewController.xib in Resources */ = {isa = PBXBuildFile; fileRef = 8468616D2BDF45D000BC9490 /* WatchingMovieViewController.xib */; };
		846861722BDF45E400BC9490 /* MovieDetailViewController.swift in Sources */ = {isa = PBXBuildFile; fileRef = 846861702BDF45E400BC9490 /* MovieDetailViewController.swift */; };
		846861732BDF45E400BC9490 /* MovieDetailViewController.xib in Resources */ = {isa = PBXBuildFile; fileRef = 846861712BDF45E400BC9490 /* MovieDetailViewController.xib */; };
		846861772BDF461F00BC9490 /* DisplayViewController.swift in Sources */ = {isa = PBXBuildFile; fileRef = 846861752BDF461F00BC9490 /* DisplayViewController.swift */; };
		846861782BDF461F00BC9490 /* DisplayViewController.xib in Resources */ = {isa = PBXBuildFile; fileRef = 846861762BDF461F00BC9490 /* DisplayViewController.xib */; };
		846861852BDF802E00BC9490 /* SignInViewController.swift in Sources */ = {isa = PBXBuildFile; fileRef = 846861832BDF802E00BC9490 /* SignInViewController.swift */; };
		846861862BDF802E00BC9490 /* SignInViewController.xib in Resources */ = {isa = PBXBuildFile; fileRef = 846861842BDF802E00BC9490 /* SignInViewController.xib */; };
		84826AC02BC7C2D100E115C2 /* AppDelegate.swift in Sources */ = {isa = PBXBuildFile; fileRef = 84826ABF2BC7C2D100E115C2 /* AppDelegate.swift */; };
		84826AC22BC7C2D100E115C2 /* SceneDelegate.swift in Sources */ = {isa = PBXBuildFile; fileRef = 84826AC12BC7C2D100E115C2 /* SceneDelegate.swift */; };
		84826AC42BC7C2D100E115C2 /* HomeViewController.swift in Sources */ = {isa = PBXBuildFile; fileRef = 84826AC32BC7C2D100E115C2 /* HomeViewController.swift */; };
		84826AC92BC7C2D300E115C2 /* Assets.xcassets in Resources */ = {isa = PBXBuildFile; fileRef = 84826AC82BC7C2D300E115C2 /* Assets.xcassets */; };
		84826ACC2BC7C2D300E115C2 /* Base in Resources */ = {isa = PBXBuildFile; fileRef = 84826ACB2BC7C2D300E115C2 /* Base */; };
		84826AD72BC7C2D300E115C2 /* NetflixTests.swift in Sources */ = {isa = PBXBuildFile; fileRef = 84826AD62BC7C2D300E115C2 /* NetflixTests.swift */; };
		84826AE12BC7C2D300E115C2 /* NetflixUITests.swift in Sources */ = {isa = PBXBuildFile; fileRef = 84826AE02BC7C2D300E115C2 /* NetflixUITests.swift */; };
		84826AE32BC7C2D300E115C2 /* NetflixUITestsLaunchTests.swift in Sources */ = {isa = PBXBuildFile; fileRef = 84826AE22BC7C2D300E115C2 /* NetflixUITestsLaunchTests.swift */; };
		84880C192BE327B900067D97 /* OnboardingSlideView.swift in Sources */ = {isa = PBXBuildFile; fileRef = 84880C182BE327B900067D97 /* OnboardingSlideView.swift */; };
		84880C1B2BE327D200067D97 /* OnboardingSlideView.xib in Resources */ = {isa = PBXBuildFile; fileRef = 84880C1A2BE327D200067D97 /* OnboardingSlideView.xib */; };
		84A3627F2BCF831300D5078A /* HomeViewController.xib in Resources */ = {isa = PBXBuildFile; fileRef = 84A3627E2BCF831300D5078A /* HomeViewController.xib */; };
		84A362932BCFC97700D5078A /* ListMovieViewController.xib in Resources */ = {isa = PBXBuildFile; fileRef = 84A362922BCFC97700D5078A /* ListMovieViewController.xib */; };
		84A362952BCFCB4F00D5078A /* ListMovieViewController.swift in Sources */ = {isa = PBXBuildFile; fileRef = 84A362942BCFCB4F00D5078A /* ListMovieViewController.swift */; };
		84E7DCB12BC8C57400B4674D /* HomeTableViewCell.xib in Resources */ = {isa = PBXBuildFile; fileRef = 84E7DCB02BC8C57400B4674D /* HomeTableViewCell.xib */; };
		84E7DCB22BC8C57400B4674D /* HomeTableViewCell.swift in Sources */ = {isa = PBXBuildFile; fileRef = 84E7DCAF2BC8C57400B4674D /* HomeTableViewCell.swift */; };
		84E7DCB52BC8D63700B4674D /* MovieCollectionViewCell.xib in Resources */ = {isa = PBXBuildFile; fileRef = 84E7DCB42BC8D63700B4674D /* MovieCollectionViewCell.xib */; };
		84E7DCB62BC8D63700B4674D /* MovieCollectionViewCell.swift in Sources */ = {isa = PBXBuildFile; fileRef = 84E7DCB32BC8D63700B4674D /* MovieCollectionViewCell.swift */; };
		84E7DCC02BC8F91C00B4674D /* HeaderView.swift in Sources */ = {isa = PBXBuildFile; fileRef = 84E7DCBF2BC8F91C00B4674D /* HeaderView.swift */; };
		F877613D9896544C0E5AD23A /* Pods_NetflixTests.framework in Frameworks */ = {isa = PBXBuildFile; fileRef = 9673DA369E6694234C3F177D /* Pods_NetflixTests.framework */; };
/* End PBXBuildFile section */

/* Begin PBXContainerItemProxy section */
		84826AD32BC7C2D300E115C2 /* PBXContainerItemProxy */ = {
			isa = PBXContainerItemProxy;
			containerPortal = 84826AB42BC7C2D100E115C2 /* Project object */;
			proxyType = 1;
			remoteGlobalIDString = 84826ABB2BC7C2D100E115C2;
			remoteInfo = Netflix;
		};
		84826ADD2BC7C2D300E115C2 /* PBXContainerItemProxy */ = {
			isa = PBXContainerItemProxy;
			containerPortal = 84826AB42BC7C2D100E115C2 /* Project object */;
			proxyType = 1;
			remoteGlobalIDString = 84826ABB2BC7C2D100E115C2;
			remoteInfo = Netflix;
		};
/* End PBXContainerItemProxy section */

/* Begin PBXFileReference section */
		4BCFD830592E3C085F48A6D5 /* Pods_Netflix.framework */ = {isa = PBXFileReference; explicitFileType = wrapper.framework; includeInIndex = 0; path = Pods_Netflix.framework; sourceTree = BUILT_PRODUCTS_DIR; };
		4BD152FB74719B79B72DD5B0 /* Pods-Netflix-NetflixUITests.release.xcconfig */ = {isa = PBXFileReference; includeInIndex = 1; lastKnownFileType = text.xcconfig; name = "Pods-Netflix-NetflixUITests.release.xcconfig"; path = "Target Support Files/Pods-Netflix-NetflixUITests/Pods-Netflix-NetflixUITests.release.xcconfig"; sourceTree = "<group>"; };
		557B8005A88AF95DD178DC2C /* Pods-Netflix-NetflixUITests.debug.xcconfig */ = {isa = PBXFileReference; includeInIndex = 1; lastKnownFileType = text.xcconfig; name = "Pods-Netflix-NetflixUITests.debug.xcconfig"; path = "Target Support Files/Pods-Netflix-NetflixUITests/Pods-Netflix-NetflixUITests.debug.xcconfig"; sourceTree = "<group>"; };
		6982AB947D47CDA6DC19936A /* Pods-Netflix.debug.xcconfig */ = {isa = PBXFileReference; includeInIndex = 1; lastKnownFileType = text.xcconfig; name = "Pods-Netflix.debug.xcconfig"; path = "Target Support Files/Pods-Netflix/Pods-Netflix.debug.xcconfig"; sourceTree = "<group>"; };
		843CA19F2BCD0CAE007F7812 /* TabBarViewController.swift */ = {isa = PBXFileReference; lastKnownFileType = sourcecode.swift; path = TabBarViewController.swift; sourceTree = "<group>"; };
		845800702BE36A49002B16C3 /* GoogleService-Info.plist */ = {isa = PBXFileReference; fileEncoding = 4; lastKnownFileType = text.plist.xml; name = "GoogleService-Info.plist"; path = "../../../../../../Downloads/GoogleService-Info.plist"; sourceTree = "<group>"; };
		8468613D2BDF3C8400BC9490 /* HomeViewModel.swift */ = {isa = PBXFileReference; lastKnownFileType = sourcecode.swift; path = HomeViewModel.swift; sourceTree = "<group>"; };
		846861412BDF3F7200BC9490 /* NewAndHotViewController.swift */ = {isa = PBXFileReference; lastKnownFileType = sourcecode.swift; path = NewAndHotViewController.swift; sourceTree = "<group>"; };
		846861422BDF3F7200BC9490 /* NewAndHotViewController.xib */ = {isa = PBXFileReference; lastKnownFileType = file.xib; path = NewAndHotViewController.xib; sourceTree = "<group>"; };
		846861452BDF401400BC9490 /* ListMovieViewModel.swift */ = {isa = PBXFileReference; lastKnownFileType = sourcecode.swift; path = ListMovieViewModel.swift; sourceTree = "<group>"; };
		846861482BDF404000BC9490 /* SearchViewController.swift */ = {isa = PBXFileReference; lastKnownFileType = sourcecode.swift; path = SearchViewController.swift; sourceTree = "<group>"; };
		846861492BDF404000BC9490 /* SearchViewController.xib */ = {isa = PBXFileReference; lastKnownFileType = file.xib; path = SearchViewController.xib; sourceTree = "<group>"; };
		8468614C2BDF405A00BC9490 /* SearchViewModel.swift */ = {isa = PBXFileReference; lastKnownFileType = sourcecode.swift; path = SearchViewModel.swift; sourceTree = "<group>"; };
		8468614F2BDF419B00BC9490 /* FastLaughsViewController.swift */ = {isa = PBXFileReference; lastKnownFileType = sourcecode.swift; path = FastLaughsViewController.swift; sourceTree = "<group>"; };
		846861502BDF419B00BC9490 /* FastLaughsViewController.xib */ = {isa = PBXFileReference; lastKnownFileType = file.xib; path = FastLaughsViewController.xib; sourceTree = "<group>"; };
		846861532BDF41BA00BC9490 /* FastLaughsViewModel.swift */ = {isa = PBXFileReference; lastKnownFileType = sourcecode.swift; path = FastLaughsViewModel.swift; sourceTree = "<group>"; };
		846861552BDF41F800BC9490 /* DownloadViewController.swift */ = {isa = PBXFileReference; lastKnownFileType = sourcecode.swift; path = DownloadViewController.swift; sourceTree = "<group>"; };
		846861562BDF41F800BC9490 /* DownloadViewController.xib */ = {isa = PBXFileReference; lastKnownFileType = file.xib; path = DownloadViewController.xib; sourceTree = "<group>"; };
		8468615A2BDF422500BC9490 /* DownloadViewModel.swift */ = {isa = PBXFileReference; lastKnownFileType = sourcecode.swift; path = DownloadViewModel.swift; sourceTree = "<group>"; };
		8468615D2BDF42B100BC9490 /* UserManagementViewController.swift */ = {isa = PBXFileReference; lastKnownFileType = sourcecode.swift; path = UserManagementViewController.swift; sourceTree = "<group>"; };
		8468615E2BDF42B100BC9490 /* UserManagementViewController.xib */ = {isa = PBXFileReference; lastKnownFileType = file.xib; path = UserManagementViewController.xib; sourceTree = "<group>"; };
		846861612BDF42CE00BC9490 /* UserManagementViewModel.swift */ = {isa = PBXFileReference; lastKnownFileType = sourcecode.swift; path = UserManagementViewModel.swift; sourceTree = "<group>"; };
		8468616C2BDF45D000BC9490 /* WatchingMovieViewController.swift */ = {isa = PBXFileReference; lastKnownFileType = sourcecode.swift; path = WatchingMovieViewController.swift; sourceTree = "<group>"; };
		8468616D2BDF45D000BC9490 /* WatchingMovieViewController.xib */ = {isa = PBXFileReference; lastKnownFileType = file.xib; path = WatchingMovieViewController.xib; sourceTree = "<group>"; };
		846861702BDF45E400BC9490 /* MovieDetailViewController.swift */ = {isa = PBXFileReference; lastKnownFileType = sourcecode.swift; path = MovieDetailViewController.swift; sourceTree = "<group>"; };
		846861712BDF45E400BC9490 /* MovieDetailViewController.xib */ = {isa = PBXFileReference; lastKnownFileType = file.xib; path = MovieDetailViewController.xib; sourceTree = "<group>"; };
		846861752BDF461F00BC9490 /* DisplayViewController.swift */ = {isa = PBXFileReference; lastKnownFileType = sourcecode.swift; path = DisplayViewController.swift; sourceTree = "<group>"; };
		846861762BDF461F00BC9490 /* DisplayViewController.xib */ = {isa = PBXFileReference; lastKnownFileType = file.xib; path = DisplayViewController.xib; sourceTree = "<group>"; };
		846861832BDF802E00BC9490 /* SignInViewController.swift */ = {isa = PBXFileReference; lastKnownFileType = sourcecode.swift; path = SignInViewController.swift; sourceTree = "<group>"; };
		846861842BDF802E00BC9490 /* SignInViewController.xib */ = {isa = PBXFileReference; lastKnownFileType = file.xib; path = SignInViewController.xib; sourceTree = "<group>"; };
		84826ABC2BC7C2D100E115C2 /* Netflix.app */ = {isa = PBXFileReference; explicitFileType = wrapper.application; includeInIndex = 0; path = Netflix.app; sourceTree = BUILT_PRODUCTS_DIR; };
		84826ABF2BC7C2D100E115C2 /* AppDelegate.swift */ = {isa = PBXFileReference; lastKnownFileType = sourcecode.swift; path = AppDelegate.swift; sourceTree = "<group>"; };
		84826AC12BC7C2D100E115C2 /* SceneDelegate.swift */ = {isa = PBXFileReference; lastKnownFileType = sourcecode.swift; path = SceneDelegate.swift; sourceTree = "<group>"; };
		84826AC32BC7C2D100E115C2 /* HomeViewController.swift */ = {isa = PBXFileReference; lastKnownFileType = sourcecode.swift; path = HomeViewController.swift; sourceTree = "<group>"; };
		84826AC82BC7C2D300E115C2 /* Assets.xcassets */ = {isa = PBXFileReference; lastKnownFileType = folder.assetcatalog; path = Assets.xcassets; sourceTree = "<group>"; };
		84826ACB2BC7C2D300E115C2 /* Base */ = {isa = PBXFileReference; lastKnownFileType = file.storyboard; name = Base; path = Base.lproj/LaunchScreen.storyboard; sourceTree = "<group>"; };
		84826ACD2BC7C2D300E115C2 /* Info.plist */ = {isa = PBXFileReference; lastKnownFileType = text.plist.xml; path = Info.plist; sourceTree = "<group>"; };
		84826AD22BC7C2D300E115C2 /* NetflixTests.xctest */ = {isa = PBXFileReference; explicitFileType = wrapper.cfbundle; includeInIndex = 0; path = NetflixTests.xctest; sourceTree = BUILT_PRODUCTS_DIR; };
		84826AD62BC7C2D300E115C2 /* NetflixTests.swift */ = {isa = PBXFileReference; lastKnownFileType = sourcecode.swift; path = NetflixTests.swift; sourceTree = "<group>"; };
		84826ADC2BC7C2D300E115C2 /* NetflixUITests.xctest */ = {isa = PBXFileReference; explicitFileType = wrapper.cfbundle; includeInIndex = 0; path = NetflixUITests.xctest; sourceTree = BUILT_PRODUCTS_DIR; };
		84826AE02BC7C2D300E115C2 /* NetflixUITests.swift */ = {isa = PBXFileReference; lastKnownFileType = sourcecode.swift; path = NetflixUITests.swift; sourceTree = "<group>"; };
		84826AE22BC7C2D300E115C2 /* NetflixUITestsLaunchTests.swift */ = {isa = PBXFileReference; lastKnownFileType = sourcecode.swift; path = NetflixUITestsLaunchTests.swift; sourceTree = "<group>"; };
		84880C182BE327B900067D97 /* OnboardingSlideView.swift */ = {isa = PBXFileReference; lastKnownFileType = sourcecode.swift; path = OnboardingSlideView.swift; sourceTree = "<group>"; };
		84880C1A2BE327D200067D97 /* OnboardingSlideView.xib */ = {isa = PBXFileReference; lastKnownFileType = file.xib; path = OnboardingSlideView.xib; sourceTree = "<group>"; };
		84A3627E2BCF831300D5078A /* HomeViewController.xib */ = {isa = PBXFileReference; lastKnownFileType = file.xib; path = HomeViewController.xib; sourceTree = "<group>"; };
		84A362922BCFC97700D5078A /* ListMovieViewController.xib */ = {isa = PBXFileReference; lastKnownFileType = file.xib; path = ListMovieViewController.xib; sourceTree = "<group>"; };
		84A362942BCFCB4F00D5078A /* ListMovieViewController.swift */ = {isa = PBXFileReference; lastKnownFileType = sourcecode.swift; path = ListMovieViewController.swift; sourceTree = "<group>"; };
		84E7DCAF2BC8C57400B4674D /* HomeTableViewCell.swift */ = {isa = PBXFileReference; lastKnownFileType = sourcecode.swift; path = HomeTableViewCell.swift; sourceTree = "<group>"; };
		84E7DCB02BC8C57400B4674D /* HomeTableViewCell.xib */ = {isa = PBXFileReference; lastKnownFileType = file.xib; path = HomeTableViewCell.xib; sourceTree = "<group>"; };
		84E7DCB32BC8D63700B4674D /* MovieCollectionViewCell.swift */ = {isa = PBXFileReference; lastKnownFileType = sourcecode.swift; path = MovieCollectionViewCell.swift; sourceTree = "<group>"; };
		84E7DCB42BC8D63700B4674D /* MovieCollectionViewCell.xib */ = {isa = PBXFileReference; lastKnownFileType = file.xib; path = MovieCollectionViewCell.xib; sourceTree = "<group>"; };
		84E7DCBF2BC8F91C00B4674D /* HeaderView.swift */ = {isa = PBXFileReference; lastKnownFileType = sourcecode.swift; path = HeaderView.swift; sourceTree = "<group>"; };
		9673DA369E6694234C3F177D /* Pods_NetflixTests.framework */ = {isa = PBXFileReference; explicitFileType = wrapper.framework; includeInIndex = 0; path = Pods_NetflixTests.framework; sourceTree = BUILT_PRODUCTS_DIR; };
		A4A5748305322B43A3616B40 /* Pods-NetflixTests.release.xcconfig */ = {isa = PBXFileReference; includeInIndex = 1; lastKnownFileType = text.xcconfig; name = "Pods-NetflixTests.release.xcconfig"; path = "Target Support Files/Pods-NetflixTests/Pods-NetflixTests.release.xcconfig"; sourceTree = "<group>"; };
		B5571EF57C600DDF8200BB8F /* Pods_Netflix_NetflixUITests.framework */ = {isa = PBXFileReference; explicitFileType = wrapper.framework; includeInIndex = 0; path = Pods_Netflix_NetflixUITests.framework; sourceTree = BUILT_PRODUCTS_DIR; };
		BBEFAF7375D98E6A68BC2883 /* Pods-NetflixTests.debug.xcconfig */ = {isa = PBXFileReference; includeInIndex = 1; lastKnownFileType = text.xcconfig; name = "Pods-NetflixTests.debug.xcconfig"; path = "Target Support Files/Pods-NetflixTests/Pods-NetflixTests.debug.xcconfig"; sourceTree = "<group>"; };
		E33CCDF12EC014D1FB2A5D44 /* Pods-Netflix.release.xcconfig */ = {isa = PBXFileReference; includeInIndex = 1; lastKnownFileType = text.xcconfig; name = "Pods-Netflix.release.xcconfig"; path = "Target Support Files/Pods-Netflix/Pods-Netflix.release.xcconfig"; sourceTree = "<group>"; };
/* End PBXFileReference section */

/* Begin PBXFrameworksBuildPhase section */
		84826AB92BC7C2D100E115C2 /* Frameworks */ = {
			isa = PBXFrameworksBuildPhase;
			buildActionMask = 2147483647;
			files = (
				6F4DB968DEF038CEFC7AD9E5 /* Pods_Netflix.framework in Frameworks */,
			);
			runOnlyForDeploymentPostprocessing = 0;
		};
		84826ACF2BC7C2D300E115C2 /* Frameworks */ = {
			isa = PBXFrameworksBuildPhase;
			buildActionMask = 2147483647;
			files = (
				F877613D9896544C0E5AD23A /* Pods_NetflixTests.framework in Frameworks */,
			);
			runOnlyForDeploymentPostprocessing = 0;
		};
		84826AD92BC7C2D300E115C2 /* Frameworks */ = {
			isa = PBXFrameworksBuildPhase;
			buildActionMask = 2147483647;
			files = (
				1EA0F5531D1060B58E314D6B /* Pods_Netflix_NetflixUITests.framework in Frameworks */,
			);
			runOnlyForDeploymentPostprocessing = 0;
		};
/* End PBXFrameworksBuildPhase section */

/* Begin PBXGroup section */
		0141AD610EDA447E6E71999C /* Pods */ = {
			isa = PBXGroup;
			children = (
				6982AB947D47CDA6DC19936A /* Pods-Netflix.debug.xcconfig */,
				E33CCDF12EC014D1FB2A5D44 /* Pods-Netflix.release.xcconfig */,
				557B8005A88AF95DD178DC2C /* Pods-Netflix-NetflixUITests.debug.xcconfig */,
				4BD152FB74719B79B72DD5B0 /* Pods-Netflix-NetflixUITests.release.xcconfig */,
				BBEFAF7375D98E6A68BC2883 /* Pods-NetflixTests.debug.xcconfig */,
				A4A5748305322B43A3616B40 /* Pods-NetflixTests.release.xcconfig */,
			);
			path = Pods;
			sourceTree = "<group>";
		};
		841AD7B62BCD171A00F2F872 /* Controller */ = {
			isa = PBXGroup;
			children = (
				843CA19F2BCD0CAE007F7812 /* TabBarViewController.swift */,
				846861742BDF45F700BC9490 /* SignIn */,
				846861632BDF438200BC9490 /* Movie */,
				8468615C2BDF423800BC9490 /* UserManagerment */,
				8468614E2BDF417D00BC9490 /* FastLaughs */,
				846861472BDF402900BC9490 /* Search */,
				84A362782BCF6C9000D5078A /* News & Hot */,
				84A3628F2BCFC93500D5078A /* ListMovie */,
				84A362772BCF6C7600D5078A /* Home */,
				846861592BDF420800BC9490 /* Download */,
			);
			path = Controller;
			sourceTree = "<group>";
		};
		846861472BDF402900BC9490 /* Search */ = {
			isa = PBXGroup;
			children = (
				846861482BDF404000BC9490 /* SearchViewController.swift */,
				846861492BDF404000BC9490 /* SearchViewController.xib */,
				8468614C2BDF405A00BC9490 /* SearchViewModel.swift */,
			);
			path = Search;
			sourceTree = "<group>";
		};
		8468614E2BDF417D00BC9490 /* FastLaughs */ = {
			isa = PBXGroup;
			children = (
				8468614F2BDF419B00BC9490 /* FastLaughsViewController.swift */,
				846861502BDF419B00BC9490 /* FastLaughsViewController.xib */,
				846861532BDF41BA00BC9490 /* FastLaughsViewModel.swift */,
			);
			path = FastLaughs;
			sourceTree = "<group>";
		};
		846861592BDF420800BC9490 /* Download */ = {
			isa = PBXGroup;
			children = (
				846861552BDF41F800BC9490 /* DownloadViewController.swift */,
				846861562BDF41F800BC9490 /* DownloadViewController.xib */,
				8468615A2BDF422500BC9490 /* DownloadViewModel.swift */,
			);
			path = Download;
			sourceTree = "<group>";
		};
		8468615C2BDF423800BC9490 /* UserManagerment */ = {
			isa = PBXGroup;
			children = (
				8468615D2BDF42B100BC9490 /* UserManagementViewController.swift */,
				8468615E2BDF42B100BC9490 /* UserManagementViewController.xib */,
				846861612BDF42CE00BC9490 /* UserManagementViewModel.swift */,
			);
			path = UserManagerment;
			sourceTree = "<group>";
		};
		846861632BDF438200BC9490 /* Movie */ = {
			isa = PBXGroup;
			children = (
				846861652BDF441700BC9490 /* WatchingMovie */,
				846861642BDF440900BC9490 /* MovieDetail */,
			);
			path = Movie;
			sourceTree = "<group>";
		};
		846861642BDF440900BC9490 /* MovieDetail */ = {
			isa = PBXGroup;
			children = (
				846861702BDF45E400BC9490 /* MovieDetailViewController.swift */,
				846861712BDF45E400BC9490 /* MovieDetailViewController.xib */,
			);
			path = MovieDetail;
			sourceTree = "<group>";
		};
		846861652BDF441700BC9490 /* WatchingMovie */ = {
			isa = PBXGroup;
			children = (
				8468616C2BDF45D000BC9490 /* WatchingMovieViewController.swift */,
				8468616D2BDF45D000BC9490 /* WatchingMovieViewController.xib */,
			);
			path = WatchingMovie;
			sourceTree = "<group>";
		};
		846861742BDF45F700BC9490 /* SignIn */ = {
			isa = PBXGroup;
			children = (
				846861822BDF7FC200BC9490 /* DisplayScreen */,
				846861812BDF779700BC9490 /* SignIn */,
			);
			path = SignIn;
			sourceTree = "<group>";
		};
		8468617A2BDF46E200BC9490 /* Models */ = {
			isa = PBXGroup;
			children = (
				8468617D2BDF476800BC9490 /* API */,
			);
			path = Models;
			sourceTree = "<group>";
		};
		8468617D2BDF476800BC9490 /* API */ = {
			isa = PBXGroup;
			children = (
				8468617E2BDF476F00BC9490 /* Core */,
				8468617F2BDF477800BC9490 /* Netwoking */,
			);
			path = API;
			sourceTree = "<group>";
		};
		8468617E2BDF476F00BC9490 /* Core */ = {
			isa = PBXGroup;
			children = (
			);
			path = Core;
			sourceTree = "<group>";
		};
		8468617F2BDF477800BC9490 /* Netwoking */ = {
			isa = PBXGroup;
			children = (
			);
			path = Netwoking;
			sourceTree = "<group>";
		};
		846861812BDF779700BC9490 /* SignIn */ = {
			isa = PBXGroup;
			children = (
				846861832BDF802E00BC9490 /* SignInViewController.swift */,
				846861842BDF802E00BC9490 /* SignInViewController.xib */,
			);
			path = SignIn;
			sourceTree = "<group>";
		};
		846861822BDF7FC200BC9490 /* DisplayScreen */ = {
			isa = PBXGroup;
			children = (
				846861872BDF98D900BC9490 /* SlideView */,
				846861752BDF461F00BC9490 /* DisplayViewController.swift */,
				846861762BDF461F00BC9490 /* DisplayViewController.xib */,
			);
			path = DisplayScreen;
			sourceTree = "<group>";
		};
		846861872BDF98D900BC9490 /* SlideView */ = {
			isa = PBXGroup;
			children = (
				84880C182BE327B900067D97 /* OnboardingSlideView.swift */,
				84880C1A2BE327D200067D97 /* OnboardingSlideView.xib */,
			);
			path = SlideView;
			sourceTree = "<group>";
		};
		84826AB32BC7C2D100E115C2 = {
			isa = PBXGroup;
			children = (
				84826ABE2BC7C2D100E115C2 /* Netflix */,
				84826ADF2BC7C2D300E115C2 /* NetflixUITests */,
				84826ABD2BC7C2D100E115C2 /* Products */,
				0141AD610EDA447E6E71999C /* Pods */,
				E7405C87EEDC1C92483501FD /* Frameworks */,
			);
			sourceTree = "<group>";
		};
		84826ABD2BC7C2D100E115C2 /* Products */ = {
			isa = PBXGroup;
			children = (
				84826ABC2BC7C2D100E115C2 /* Netflix.app */,
				84826AD22BC7C2D300E115C2 /* NetflixTests.xctest */,
				84826ADC2BC7C2D300E115C2 /* NetflixUITests.xctest */,
			);
			name = Products;
			sourceTree = "<group>";
		};
		84826ABE2BC7C2D100E115C2 /* Netflix */ = {
			isa = PBXGroup;
			children = (
				8468617A2BDF46E200BC9490 /* Models */,
				841AD7B62BCD171A00F2F872 /* Controller */,
				84E7DCB72BC8DA0900B4674D /* Views */,
				84826AC82BC7C2D300E115C2 /* Assets.xcassets */,
				84A362962BCFD85700D5078A /* AppDelegate */,
				84826ACA2BC7C2D300E115C2 /* LaunchScreen.storyboard */,
				845800702BE36A49002B16C3 /* GoogleService-Info.plist */,
				84826ACD2BC7C2D300E115C2 /* Info.plist */,
				84826AD52BC7C2D300E115C2 /* NetflixTests */,
			);
			path = Netflix;
			sourceTree = "<group>";
		};
		84826AD52BC7C2D300E115C2 /* NetflixTests */ = {
			isa = PBXGroup;
			children = (
				84826AD62BC7C2D300E115C2 /* NetflixTests.swift */,
			);
			path = NetflixTests;
			sourceTree = "<group>";
		};
		84826ADF2BC7C2D300E115C2 /* NetflixUITests */ = {
			isa = PBXGroup;
			children = (
				84826AE02BC7C2D300E115C2 /* NetflixUITests.swift */,
				84826AE22BC7C2D300E115C2 /* NetflixUITestsLaunchTests.swift */,
			);
			path = NetflixUITests;
			sourceTree = "<group>";
		};
		84A362772BCF6C7600D5078A /* Home */ = {
			isa = PBXGroup;
			children = (
				84826AC32BC7C2D100E115C2 /* HomeViewController.swift */,
				84A3627E2BCF831300D5078A /* HomeViewController.xib */,
				8468613D2BDF3C8400BC9490 /* HomeViewModel.swift */,
			);
			path = Home;
			sourceTree = "<group>";
		};
		84A362782BCF6C9000D5078A /* News & Hot */ = {
			isa = PBXGroup;
			children = (
				846861412BDF3F7200BC9490 /* NewAndHotViewController.swift */,
				846861422BDF3F7200BC9490 /* NewAndHotViewController.xib */,
			);
			path = "News & Hot";
			sourceTree = "<group>";
		};
		84A362792BCF6CD400D5078A /* MovieCollectionViewCell */ = {
			isa = PBXGroup;
			children = (
				84E7DCB32BC8D63700B4674D /* MovieCollectionViewCell.swift */,
				84E7DCB42BC8D63700B4674D /* MovieCollectionViewCell.xib */,
			);
			path = MovieCollectionViewCell;
			sourceTree = "<group>";
		};
		84A3627A2BCF6CF200D5078A /* HomeTableViewCell */ = {
			isa = PBXGroup;
			children = (
				84E7DCAF2BC8C57400B4674D /* HomeTableViewCell.swift */,
				84E7DCB02BC8C57400B4674D /* HomeTableViewCell.xib */,
			);
			path = HomeTableViewCell;
			sourceTree = "<group>";
		};
		84A3628F2BCFC93500D5078A /* ListMovie */ = {
			isa = PBXGroup;
			children = (
				84A362942BCFCB4F00D5078A /* ListMovieViewController.swift */,
				84A362922BCFC97700D5078A /* ListMovieViewController.xib */,
				846861452BDF401400BC9490 /* ListMovieViewModel.swift */,
			);
			path = ListMovie;
			sourceTree = "<group>";
		};
		84A362962BCFD85700D5078A /* AppDelegate */ = {
			isa = PBXGroup;
			children = (
				84826ABF2BC7C2D100E115C2 /* AppDelegate.swift */,
				84826AC12BC7C2D100E115C2 /* SceneDelegate.swift */,
			);
			path = AppDelegate;
			sourceTree = "<group>";
		};
		84E7DCB72BC8DA0900B4674D /* Views */ = {
			isa = PBXGroup;
			children = (
				84A3627A2BCF6CF200D5078A /* HomeTableViewCell */,
				84A362792BCF6CD400D5078A /* MovieCollectionViewCell */,
				84E7DCBF2BC8F91C00B4674D /* HeaderView.swift */,
			);
			path = Views;
			sourceTree = "<group>";
		};
		E7405C87EEDC1C92483501FD /* Frameworks */ = {
			isa = PBXGroup;
			children = (
				4BCFD830592E3C085F48A6D5 /* Pods_Netflix.framework */,
				B5571EF57C600DDF8200BB8F /* Pods_Netflix_NetflixUITests.framework */,
				9673DA369E6694234C3F177D /* Pods_NetflixTests.framework */,
			);
			name = Frameworks;
			sourceTree = "<group>";
		};
/* End PBXGroup section */

/* Begin PBXNativeTarget section */
		84826ABB2BC7C2D100E115C2 /* Netflix */ = {
			isa = PBXNativeTarget;
			buildConfigurationList = 84826AE62BC7C2D300E115C2 /* Build configuration list for PBXNativeTarget "Netflix" */;
			buildPhases = (
				030D96DBC9368180A7C52388 /* [CP] Check Pods Manifest.lock */,
				84826AB82BC7C2D100E115C2 /* Sources */,
				84826AB92BC7C2D100E115C2 /* Frameworks */,
				84826ABA2BC7C2D100E115C2 /* Resources */,
			);
			buildRules = (
			);
			dependencies = (
			);
			name = Netflix;
			productName = Netflix;
			productReference = 84826ABC2BC7C2D100E115C2 /* Netflix.app */;
			productType = "com.apple.product-type.application";
		};
		84826AD12BC7C2D300E115C2 /* NetflixTests */ = {
			isa = PBXNativeTarget;
			buildConfigurationList = 84826AE92BC7C2D300E115C2 /* Build configuration list for PBXNativeTarget "NetflixTests" */;
			buildPhases = (
				ACDF7DAE90DFB52AA34C617F /* [CP] Check Pods Manifest.lock */,
				84826ACE2BC7C2D300E115C2 /* Sources */,
				84826ACF2BC7C2D300E115C2 /* Frameworks */,
				84826AD02BC7C2D300E115C2 /* Resources */,
			);
			buildRules = (
			);
			dependencies = (
				84826AD42BC7C2D300E115C2 /* PBXTargetDependency */,
			);
			name = NetflixTests;
			productName = NetflixTests;
			productReference = 84826AD22BC7C2D300E115C2 /* NetflixTests.xctest */;
			productType = "com.apple.product-type.bundle.unit-test";
		};
		84826ADB2BC7C2D300E115C2 /* NetflixUITests */ = {
			isa = PBXNativeTarget;
			buildConfigurationList = 84826AEC2BC7C2D300E115C2 /* Build configuration list for PBXNativeTarget "NetflixUITests" */;
			buildPhases = (
				C4F309F7233CD644FD45593D /* [CP] Check Pods Manifest.lock */,
				84826AD82BC7C2D300E115C2 /* Sources */,
				84826AD92BC7C2D300E115C2 /* Frameworks */,
				84826ADA2BC7C2D300E115C2 /* Resources */,
			);
			buildRules = (
			);
			dependencies = (
				84826ADE2BC7C2D300E115C2 /* PBXTargetDependency */,
			);
			name = NetflixUITests;
			productName = NetflixUITests;
			productReference = 84826ADC2BC7C2D300E115C2 /* NetflixUITests.xctest */;
			productType = "com.apple.product-type.bundle.ui-testing";
		};
/* End PBXNativeTarget section */

/* Begin PBXProject section */
		84826AB42BC7C2D100E115C2 /* Project object */ = {
			isa = PBXProject;
			attributes = {
				BuildIndependentTargetsInParallel = 1;
				LastSwiftUpdateCheck = 1530;
				LastUpgradeCheck = 1530;
				TargetAttributes = {
					84826ABB2BC7C2D100E115C2 = {
						CreatedOnToolsVersion = 15.3;
					};
					84826AD12BC7C2D300E115C2 = {
						CreatedOnToolsVersion = 15.3;
						TestTargetID = 84826ABB2BC7C2D100E115C2;
					};
					84826ADB2BC7C2D300E115C2 = {
						CreatedOnToolsVersion = 15.3;
						TestTargetID = 84826ABB2BC7C2D100E115C2;
					};
				};
			};
			buildConfigurationList = 84826AB72BC7C2D100E115C2 /* Build configuration list for PBXProject "Netflix" */;
			compatibilityVersion = "Xcode 14.0";
			developmentRegion = en;
			hasScannedForEncodings = 0;
			knownRegions = (
				en,
				Base,
			);
			mainGroup = 84826AB32BC7C2D100E115C2;
			productRefGroup = 84826ABD2BC7C2D100E115C2 /* Products */;
			projectDirPath = "";
			projectRoot = "";
			targets = (
				84826ABB2BC7C2D100E115C2 /* Netflix */,
				84826AD12BC7C2D300E115C2 /* NetflixTests */,
				84826ADB2BC7C2D300E115C2 /* NetflixUITests */,
			);
		};
/* End PBXProject section */

/* Begin PBXResourcesBuildPhase section */
		84826ABA2BC7C2D100E115C2 /* Resources */ = {
			isa = PBXResourcesBuildPhase;
			buildActionMask = 2147483647;
			files = (
				846861582BDF41F800BC9490 /* DownloadViewController.xib in Resources */,
				84E7DCB52BC8D63700B4674D /* MovieCollectionViewCell.xib in Resources */,
				84826AC92BC7C2D300E115C2 /* Assets.xcassets in Resources */,
				84A362932BCFC97700D5078A /* ListMovieViewController.xib in Resources */,
				846861782BDF461F00BC9490 /* DisplayViewController.xib in Resources */,
				8468616F2BDF45D000BC9490 /* WatchingMovieViewController.xib in Resources */,
				846861442BDF3F7200BC9490 /* NewAndHotViewController.xib in Resources */,
				84880C1B2BE327D200067D97 /* OnboardingSlideView.xib in Resources */,
				846861522BDF419B00BC9490 /* FastLaughsViewController.xib in Resources */,
				84A3627F2BCF831300D5078A /* HomeViewController.xib in Resources */,
				84826ACC2BC7C2D300E115C2 /* Base in Resources */,
				846861862BDF802E00BC9490 /* SignInViewController.xib in Resources */,
				845800712BE36A49002B16C3 /* GoogleService-Info.plist in Resources */,
				8468614B2BDF404000BC9490 /* SearchViewController.xib in Resources */,
				846861732BDF45E400BC9490 /* MovieDetailViewController.xib in Resources */,
				846861602BDF42B100BC9490 /* UserManagementViewController.xib in Resources */,
				84E7DCB12BC8C57400B4674D /* HomeTableViewCell.xib in Resources */,
			);
			runOnlyForDeploymentPostprocessing = 0;
		};
		84826AD02BC7C2D300E115C2 /* Resources */ = {
			isa = PBXResourcesBuildPhase;
			buildActionMask = 2147483647;
			files = (
			);
			runOnlyForDeploymentPostprocessing = 0;
		};
		84826ADA2BC7C2D300E115C2 /* Resources */ = {
			isa = PBXResourcesBuildPhase;
			buildActionMask = 2147483647;
			files = (
			);
			runOnlyForDeploymentPostprocessing = 0;
		};
/* End PBXResourcesBuildPhase section */

/* Begin PBXShellScriptBuildPhase section */
		030D96DBC9368180A7C52388 /* [CP] Check Pods Manifest.lock */ = {
			isa = PBXShellScriptBuildPhase;
			buildActionMask = 2147483647;
			files = (
			);
			inputFileListPaths = (
			);
			inputPaths = (
				"${PODS_PODFILE_DIR_PATH}/Podfile.lock",
				"${PODS_ROOT}/Manifest.lock",
			);
			name = "[CP] Check Pods Manifest.lock";
			outputFileListPaths = (
			);
			outputPaths = (
				"$(DERIVED_FILE_DIR)/Pods-Netflix-checkManifestLockResult.txt",
			);
			runOnlyForDeploymentPostprocessing = 0;
			shellPath = /bin/sh;
			shellScript = "diff \"${PODS_PODFILE_DIR_PATH}/Podfile.lock\" \"${PODS_ROOT}/Manifest.lock\" > /dev/null\nif [ $? != 0 ] ; then\n    # print error to STDERR\n    echo \"error: The sandbox is not in sync with the Podfile.lock. Run 'pod install' or update your CocoaPods installation.\" >&2\n    exit 1\nfi\n# This output is used by Xcode 'outputs' to avoid re-running this script phase.\necho \"SUCCESS\" > \"${SCRIPT_OUTPUT_FILE_0}\"\n";
			showEnvVarsInLog = 0;
		};
		ACDF7DAE90DFB52AA34C617F /* [CP] Check Pods Manifest.lock */ = {
			isa = PBXShellScriptBuildPhase;
			buildActionMask = 2147483647;
			files = (
			);
			inputFileListPaths = (
			);
			inputPaths = (
				"${PODS_PODFILE_DIR_PATH}/Podfile.lock",
				"${PODS_ROOT}/Manifest.lock",
			);
			name = "[CP] Check Pods Manifest.lock";
			outputFileListPaths = (
			);
			outputPaths = (
				"$(DERIVED_FILE_DIR)/Pods-NetflixTests-checkManifestLockResult.txt",
			);
			runOnlyForDeploymentPostprocessing = 0;
			shellPath = /bin/sh;
			shellScript = "diff \"${PODS_PODFILE_DIR_PATH}/Podfile.lock\" \"${PODS_ROOT}/Manifest.lock\" > /dev/null\nif [ $? != 0 ] ; then\n    # print error to STDERR\n    echo \"error: The sandbox is not in sync with the Podfile.lock. Run 'pod install' or update your CocoaPods installation.\" >&2\n    exit 1\nfi\n# This output is used by Xcode 'outputs' to avoid re-running this script phase.\necho \"SUCCESS\" > \"${SCRIPT_OUTPUT_FILE_0}\"\n";
			showEnvVarsInLog = 0;
		};
		C4F309F7233CD644FD45593D /* [CP] Check Pods Manifest.lock */ = {
			isa = PBXShellScriptBuildPhase;
			buildActionMask = 2147483647;
			files = (
			);
			inputFileListPaths = (
			);
			inputPaths = (
				"${PODS_PODFILE_DIR_PATH}/Podfile.lock",
				"${PODS_ROOT}/Manifest.lock",
			);
			name = "[CP] Check Pods Manifest.lock";
			outputFileListPaths = (
			);
			outputPaths = (
				"$(DERIVED_FILE_DIR)/Pods-Netflix-NetflixUITests-checkManifestLockResult.txt",
			);
			runOnlyForDeploymentPostprocessing = 0;
			shellPath = /bin/sh;
			shellScript = "diff \"${PODS_PODFILE_DIR_PATH}/Podfile.lock\" \"${PODS_ROOT}/Manifest.lock\" > /dev/null\nif [ $? != 0 ] ; then\n    # print error to STDERR\n    echo \"error: The sandbox is not in sync with the Podfile.lock. Run 'pod install' or update your CocoaPods installation.\" >&2\n    exit 1\nfi\n# This output is used by Xcode 'outputs' to avoid re-running this script phase.\necho \"SUCCESS\" > \"${SCRIPT_OUTPUT_FILE_0}\"\n";
			showEnvVarsInLog = 0;
		};
/* End PBXShellScriptBuildPhase section */

/* Begin PBXSourcesBuildPhase section */
		84826AB82BC7C2D100E115C2 /* Sources */ = {
			isa = PBXSourcesBuildPhase;
			buildActionMask = 2147483647;
			files = (
				846861772BDF461F00BC9490 /* DisplayViewController.swift in Sources */,
				8468616E2BDF45D000BC9490 /* WatchingMovieViewController.swift in Sources */,
				843CA1A02BCD0CAE007F7812 /* TabBarViewController.swift in Sources */,
				846861432BDF3F7200BC9490 /* NewAndHotViewController.swift in Sources */,
				84826AC42BC7C2D100E115C2 /* HomeViewController.swift in Sources */,
				846861722BDF45E400BC9490 /* MovieDetailViewController.swift in Sources */,
				84A362952BCFCB4F00D5078A /* ListMovieViewController.swift in Sources */,
				8468615F2BDF42B100BC9490 /* UserManagementViewController.swift in Sources */,
				846861512BDF419B00BC9490 /* FastLaughsViewController.swift in Sources */,
				846861542BDF41BA00BC9490 /* FastLaughsViewModel.swift in Sources */,
				8468613E2BDF3C8400BC9490 /* HomeViewModel.swift in Sources */,
				846861622BDF42CE00BC9490 /* UserManagementViewModel.swift in Sources */,
				8468614D2BDF405A00BC9490 /* SearchViewModel.swift in Sources */,
				84E7DCC02BC8F91C00B4674D /* HeaderView.swift in Sources */,
				8468615B2BDF422500BC9490 /* DownloadViewModel.swift in Sources */,
				8468614A2BDF404000BC9490 /* SearchViewController.swift in Sources */,
				84826AC02BC7C2D100E115C2 /* AppDelegate.swift in Sources */,
				84E7DCB62BC8D63700B4674D /* MovieCollectionViewCell.swift in Sources */,
				84E7DCB22BC8C57400B4674D /* HomeTableViewCell.swift in Sources */,
				84880C192BE327B900067D97 /* OnboardingSlideView.swift in Sources */,
				84826AC22BC7C2D100E115C2 /* SceneDelegate.swift in Sources */,
				846861572BDF41F800BC9490 /* DownloadViewController.swift in Sources */,
				846861852BDF802E00BC9490 /* SignInViewController.swift in Sources */,
				846861462BDF401400BC9490 /* ListMovieViewModel.swift in Sources */,
			);
			runOnlyForDeploymentPostprocessing = 0;
		};
		84826ACE2BC7C2D300E115C2 /* Sources */ = {
			isa = PBXSourcesBuildPhase;
			buildActionMask = 2147483647;
			files = (
				84826AD72BC7C2D300E115C2 /* NetflixTests.swift in Sources */,
			);
			runOnlyForDeploymentPostprocessing = 0;
		};
		84826AD82BC7C2D300E115C2 /* Sources */ = {
			isa = PBXSourcesBuildPhase;
			buildActionMask = 2147483647;
			files = (
				84826AE12BC7C2D300E115C2 /* NetflixUITests.swift in Sources */,
				84826AE32BC7C2D300E115C2 /* NetflixUITestsLaunchTests.swift in Sources */,
			);
			runOnlyForDeploymentPostprocessing = 0;
		};
/* End PBXSourcesBuildPhase section */

/* Begin PBXTargetDependency section */
		84826AD42BC7C2D300E115C2 /* PBXTargetDependency */ = {
			isa = PBXTargetDependency;
			target = 84826ABB2BC7C2D100E115C2 /* Netflix */;
			targetProxy = 84826AD32BC7C2D300E115C2 /* PBXContainerItemProxy */;
		};
		84826ADE2BC7C2D300E115C2 /* PBXTargetDependency */ = {
			isa = PBXTargetDependency;
			target = 84826ABB2BC7C2D100E115C2 /* Netflix */;
			targetProxy = 84826ADD2BC7C2D300E115C2 /* PBXContainerItemProxy */;
		};
/* End PBXTargetDependency section */

/* Begin PBXVariantGroup section */
		84826ACA2BC7C2D300E115C2 /* LaunchScreen.storyboard */ = {
			isa = PBXVariantGroup;
			children = (
				84826ACB2BC7C2D300E115C2 /* Base */,
			);
			name = LaunchScreen.storyboard;
			sourceTree = "<group>";
		};
/* End PBXVariantGroup section */

/* Begin XCBuildConfiguration section */
		84826AE42BC7C2D300E115C2 /* Debug */ = {
			isa = XCBuildConfiguration;
			buildSettings = {
				ALWAYS_SEARCH_USER_PATHS = NO;
				ASSETCATALOG_COMPILER_GENERATE_SWIFT_ASSET_SYMBOL_EXTENSIONS = YES;
				CLANG_ANALYZER_NONNULL = YES;
				CLANG_ANALYZER_NUMBER_OBJECT_CONVERSION = YES_AGGRESSIVE;
				CLANG_CXX_LANGUAGE_STANDARD = "gnu++20";
				CLANG_ENABLE_MODULES = YES;
				CLANG_ENABLE_OBJC_ARC = YES;
				CLANG_ENABLE_OBJC_WEAK = YES;
				CLANG_WARN_BLOCK_CAPTURE_AUTORELEASING = YES;
				CLANG_WARN_BOOL_CONVERSION = YES;
				CLANG_WARN_COMMA = YES;
				CLANG_WARN_CONSTANT_CONVERSION = YES;
				CLANG_WARN_DEPRECATED_OBJC_IMPLEMENTATIONS = YES;
				CLANG_WARN_DIRECT_OBJC_ISA_USAGE = YES_ERROR;
				CLANG_WARN_DOCUMENTATION_COMMENTS = YES;
				CLANG_WARN_EMPTY_BODY = YES;
				CLANG_WARN_ENUM_CONVERSION = YES;
				CLANG_WARN_INFINITE_RECURSION = YES;
				CLANG_WARN_INT_CONVERSION = YES;
				CLANG_WARN_NON_LITERAL_NULL_CONVERSION = YES;
				CLANG_WARN_OBJC_IMPLICIT_RETAIN_SELF = YES;
				CLANG_WARN_OBJC_LITERAL_CONVERSION = YES;
				CLANG_WARN_OBJC_ROOT_CLASS = YES_ERROR;
				CLANG_WARN_QUOTED_INCLUDE_IN_FRAMEWORK_HEADER = YES;
				CLANG_WARN_RANGE_LOOP_ANALYSIS = YES;
				CLANG_WARN_STRICT_PROTOTYPES = YES;
				CLANG_WARN_SUSPICIOUS_MOVE = YES;
				CLANG_WARN_UNGUARDED_AVAILABILITY = YES_AGGRESSIVE;
				CLANG_WARN_UNREACHABLE_CODE = YES;
				CLANG_WARN__DUPLICATE_METHOD_MATCH = YES;
				COPY_PHASE_STRIP = NO;
				DEBUG_INFORMATION_FORMAT = dwarf;
				ENABLE_STRICT_OBJC_MSGSEND = YES;
				ENABLE_TESTABILITY = YES;
				ENABLE_USER_SCRIPT_SANDBOXING = YES;
				GCC_C_LANGUAGE_STANDARD = gnu17;
				GCC_DYNAMIC_NO_PIC = NO;
				GCC_NO_COMMON_BLOCKS = YES;
				GCC_OPTIMIZATION_LEVEL = 0;
				GCC_PREPROCESSOR_DEFINITIONS = (
					"DEBUG=1",
					"$(inherited)",
				);
				GCC_WARN_64_TO_32_BIT_CONVERSION = YES;
				GCC_WARN_ABOUT_RETURN_TYPE = YES_ERROR;
				GCC_WARN_UNDECLARED_SELECTOR = YES;
				GCC_WARN_UNINITIALIZED_AUTOS = YES_AGGRESSIVE;
				GCC_WARN_UNUSED_FUNCTION = YES;
				GCC_WARN_UNUSED_VARIABLE = YES;
				IPHONEOS_DEPLOYMENT_TARGET = 17.4;
				LOCALIZATION_PREFERS_STRING_CATALOGS = YES;
				MTL_ENABLE_DEBUG_INFO = INCLUDE_SOURCE;
				MTL_FAST_MATH = YES;
				ONLY_ACTIVE_ARCH = YES;
				SDKROOT = iphoneos;
				SWIFT_ACTIVE_COMPILATION_CONDITIONS = "DEBUG $(inherited)";
				SWIFT_OPTIMIZATION_LEVEL = "-Onone";
			};
			name = Debug;
		};
		84826AE52BC7C2D300E115C2 /* Release */ = {
			isa = XCBuildConfiguration;
			buildSettings = {
				ALWAYS_SEARCH_USER_PATHS = NO;
				ASSETCATALOG_COMPILER_GENERATE_SWIFT_ASSET_SYMBOL_EXTENSIONS = YES;
				CLANG_ANALYZER_NONNULL = YES;
				CLANG_ANALYZER_NUMBER_OBJECT_CONVERSION = YES_AGGRESSIVE;
				CLANG_CXX_LANGUAGE_STANDARD = "gnu++20";
				CLANG_ENABLE_MODULES = YES;
				CLANG_ENABLE_OBJC_ARC = YES;
				CLANG_ENABLE_OBJC_WEAK = YES;
				CLANG_WARN_BLOCK_CAPTURE_AUTORELEASING = YES;
				CLANG_WARN_BOOL_CONVERSION = YES;
				CLANG_WARN_COMMA = YES;
				CLANG_WARN_CONSTANT_CONVERSION = YES;
				CLANG_WARN_DEPRECATED_OBJC_IMPLEMENTATIONS = YES;
				CLANG_WARN_DIRECT_OBJC_ISA_USAGE = YES_ERROR;
				CLANG_WARN_DOCUMENTATION_COMMENTS = YES;
				CLANG_WARN_EMPTY_BODY = YES;
				CLANG_WARN_ENUM_CONVERSION = YES;
				CLANG_WARN_INFINITE_RECURSION = YES;
				CLANG_WARN_INT_CONVERSION = YES;
				CLANG_WARN_NON_LITERAL_NULL_CONVERSION = YES;
				CLANG_WARN_OBJC_IMPLICIT_RETAIN_SELF = YES;
				CLANG_WARN_OBJC_LITERAL_CONVERSION = YES;
				CLANG_WARN_OBJC_ROOT_CLASS = YES_ERROR;
				CLANG_WARN_QUOTED_INCLUDE_IN_FRAMEWORK_HEADER = YES;
				CLANG_WARN_RANGE_LOOP_ANALYSIS = YES;
				CLANG_WARN_STRICT_PROTOTYPES = YES;
				CLANG_WARN_SUSPICIOUS_MOVE = YES;
				CLANG_WARN_UNGUARDED_AVAILABILITY = YES_AGGRESSIVE;
				CLANG_WARN_UNREACHABLE_CODE = YES;
				CLANG_WARN__DUPLICATE_METHOD_MATCH = YES;
				COPY_PHASE_STRIP = NO;
				DEBUG_INFORMATION_FORMAT = "dwarf-with-dsym";
				ENABLE_NS_ASSERTIONS = NO;
				ENABLE_STRICT_OBJC_MSGSEND = YES;
				ENABLE_USER_SCRIPT_SANDBOXING = YES;
				GCC_C_LANGUAGE_STANDARD = gnu17;
				GCC_NO_COMMON_BLOCKS = YES;
				GCC_WARN_64_TO_32_BIT_CONVERSION = YES;
				GCC_WARN_ABOUT_RETURN_TYPE = YES_ERROR;
				GCC_WARN_UNDECLARED_SELECTOR = YES;
				GCC_WARN_UNINITIALIZED_AUTOS = YES_AGGRESSIVE;
				GCC_WARN_UNUSED_FUNCTION = YES;
				GCC_WARN_UNUSED_VARIABLE = YES;
				IPHONEOS_DEPLOYMENT_TARGET = 17.4;
				LOCALIZATION_PREFERS_STRING_CATALOGS = YES;
				MTL_ENABLE_DEBUG_INFO = NO;
				MTL_FAST_MATH = YES;
				SDKROOT = iphoneos;
				SWIFT_COMPILATION_MODE = wholemodule;
				VALIDATE_PRODUCT = YES;
			};
			name = Release;
		};
		84826AE72BC7C2D300E115C2 /* Debug */ = {
			isa = XCBuildConfiguration;
			baseConfigurationReference = 6982AB947D47CDA6DC19936A /* Pods-Netflix.debug.xcconfig */;
			buildSettings = {
				ASSETCATALOG_COMPILER_APPICON_NAME = AppIcon;
				ASSETCATALOG_COMPILER_GLOBAL_ACCENT_COLOR_NAME = AccentColor;
				CODE_SIGN_STYLE = Automatic;
				CURRENT_PROJECT_VERSION = 1;
				GENERATE_INFOPLIST_FILE = YES;
				INFOPLIST_FILE = Netflix/Info.plist;
				INFOPLIST_KEY_UIApplicationSupportsIndirectInputEvents = YES;
				INFOPLIST_KEY_UILaunchStoryboardName = LaunchScreen;
				INFOPLIST_KEY_UISupportedInterfaceOrientations_iPad = "UIInterfaceOrientationPortrait UIInterfaceOrientationPortraitUpsideDown UIInterfaceOrientationLandscapeLeft UIInterfaceOrientationLandscapeRight";
				INFOPLIST_KEY_UISupportedInterfaceOrientations_iPhone = "UIInterfaceOrientationPortrait UIInterfaceOrientationLandscapeLeft UIInterfaceOrientationLandscapeRight";
				LD_RUNPATH_SEARCH_PATHS = (
					"$(inherited)",
					"@executable_path/Frameworks",
				);
				MARKETING_VERSION = 1.0;
				PRODUCT_BUNDLE_IDENTIFIER = com.rikkeisoft.Netflix;
				PRODUCT_NAME = "$(TARGET_NAME)";
				SWIFT_EMIT_LOC_STRINGS = YES;
				SWIFT_VERSION = 5.0;
				TARGETED_DEVICE_FAMILY = "1,2";
			};
			name = Debug;
		};
		84826AE82BC7C2D300E115C2 /* Release */ = {
			isa = XCBuildConfiguration;
			baseConfigurationReference = E33CCDF12EC014D1FB2A5D44 /* Pods-Netflix.release.xcconfig */;
			buildSettings = {
				ASSETCATALOG_COMPILER_APPICON_NAME = AppIcon;
				ASSETCATALOG_COMPILER_GLOBAL_ACCENT_COLOR_NAME = AccentColor;
				CODE_SIGN_STYLE = Automatic;
				CURRENT_PROJECT_VERSION = 1;
				GENERATE_INFOPLIST_FILE = YES;
				INFOPLIST_FILE = Netflix/Info.plist;
				INFOPLIST_KEY_UIApplicationSupportsIndirectInputEvents = YES;
				INFOPLIST_KEY_UILaunchStoryboardName = LaunchScreen;
				INFOPLIST_KEY_UISupportedInterfaceOrientations_iPad = "UIInterfaceOrientationPortrait UIInterfaceOrientationPortraitUpsideDown UIInterfaceOrientationLandscapeLeft UIInterfaceOrientationLandscapeRight";
				INFOPLIST_KEY_UISupportedInterfaceOrientations_iPhone = "UIInterfaceOrientationPortrait UIInterfaceOrientationLandscapeLeft UIInterfaceOrientationLandscapeRight";
				LD_RUNPATH_SEARCH_PATHS = (
					"$(inherited)",
					"@executable_path/Frameworks",
				);
				MARKETING_VERSION = 1.0;
				PRODUCT_BUNDLE_IDENTIFIER = com.rikkeisoft.Netflix;
				PRODUCT_NAME = "$(TARGET_NAME)";
				SWIFT_EMIT_LOC_STRINGS = YES;
				SWIFT_VERSION = 5.0;
				TARGETED_DEVICE_FAMILY = "1,2";
			};
			name = Release;
		};
		84826AEA2BC7C2D300E115C2 /* Debug */ = {
			isa = XCBuildConfiguration;
			baseConfigurationReference = BBEFAF7375D98E6A68BC2883 /* Pods-NetflixTests.debug.xcconfig */;
			buildSettings = {
				ALWAYS_EMBED_SWIFT_STANDARD_LIBRARIES = YES;
				BUNDLE_LOADER = "$(TEST_HOST)";
				CODE_SIGN_STYLE = Automatic;
				CURRENT_PROJECT_VERSION = 1;
				GENERATE_INFOPLIST_FILE = YES;
				IPHONEOS_DEPLOYMENT_TARGET = 17.4;
				MARKETING_VERSION = 1.0;
				PRODUCT_BUNDLE_IDENTIFIER = com.rikkeisoft.NetflixTests;
				PRODUCT_NAME = "$(TARGET_NAME)";
				SWIFT_EMIT_LOC_STRINGS = NO;
				SWIFT_VERSION = 5.0;
				TARGETED_DEVICE_FAMILY = "1,2";
				TEST_HOST = "$(BUILT_PRODUCTS_DIR)/Netflix.app/$(BUNDLE_EXECUTABLE_FOLDER_PATH)/Netflix";
			};
			name = Debug;
		};
		84826AEB2BC7C2D300E115C2 /* Release */ = {
			isa = XCBuildConfiguration;
			baseConfigurationReference = A4A5748305322B43A3616B40 /* Pods-NetflixTests.release.xcconfig */;
			buildSettings = {
				ALWAYS_EMBED_SWIFT_STANDARD_LIBRARIES = YES;
				BUNDLE_LOADER = "$(TEST_HOST)";
				CODE_SIGN_STYLE = Automatic;
				CURRENT_PROJECT_VERSION = 1;
				GENERATE_INFOPLIST_FILE = YES;
				IPHONEOS_DEPLOYMENT_TARGET = 17.4;
				MARKETING_VERSION = 1.0;
				PRODUCT_BUNDLE_IDENTIFIER = com.rikkeisoft.NetflixTests;
				PRODUCT_NAME = "$(TARGET_NAME)";
				SWIFT_EMIT_LOC_STRINGS = NO;
				SWIFT_VERSION = 5.0;
				TARGETED_DEVICE_FAMILY = "1,2";
				TEST_HOST = "$(BUILT_PRODUCTS_DIR)/Netflix.app/$(BUNDLE_EXECUTABLE_FOLDER_PATH)/Netflix";
			};
			name = Release;
		};
		84826AED2BC7C2D300E115C2 /* Debug */ = {
			isa = XCBuildConfiguration;
			baseConfigurationReference = 557B8005A88AF95DD178DC2C /* Pods-Netflix-NetflixUITests.debug.xcconfig */;
			buildSettings = {
				ALWAYS_EMBED_SWIFT_STANDARD_LIBRARIES = YES;
				CODE_SIGN_STYLE = Automatic;
				CURRENT_PROJECT_VERSION = 1;
				GENERATE_INFOPLIST_FILE = YES;
				MARKETING_VERSION = 1.0;
				PRODUCT_BUNDLE_IDENTIFIER = com.rikkeisoft.NetflixUITests;
				PRODUCT_NAME = "$(TARGET_NAME)";
				SWIFT_EMIT_LOC_STRINGS = NO;
				SWIFT_VERSION = 5.0;
				TARGETED_DEVICE_FAMILY = "1,2";
				TEST_TARGET_NAME = Netflix;
			};
			name = Debug;
		};
		84826AEE2BC7C2D300E115C2 /* Release */ = {
			isa = XCBuildConfiguration;
			baseConfigurationReference = 4BD152FB74719B79B72DD5B0 /* Pods-Netflix-NetflixUITests.release.xcconfig */;
			buildSettings = {
				ALWAYS_EMBED_SWIFT_STANDARD_LIBRARIES = YES;
				CODE_SIGN_STYLE = Automatic;
				CURRENT_PROJECT_VERSION = 1;
				GENERATE_INFOPLIST_FILE = YES;
				MARKETING_VERSION = 1.0;
				PRODUCT_BUNDLE_IDENTIFIER = com.rikkeisoft.NetflixUITests;
				PRODUCT_NAME = "$(TARGET_NAME)";
				SWIFT_EMIT_LOC_STRINGS = NO;
				SWIFT_VERSION = 5.0;
				TARGETED_DEVICE_FAMILY = "1,2";
				TEST_TARGET_NAME = Netflix;
			};
			name = Release;
		};
/* End XCBuildConfiguration section */

/* Begin XCConfigurationList section */
		84826AB72BC7C2D100E115C2 /* Build configuration list for PBXProject "Netflix" */ = {
			isa = XCConfigurationList;
			buildConfigurations = (
				84826AE42BC7C2D300E115C2 /* Debug */,
				84826AE52BC7C2D300E115C2 /* Release */,
			);
			defaultConfigurationIsVisible = 0;
			defaultConfigurationName = Release;
		};
		84826AE62BC7C2D300E115C2 /* Build configuration list for PBXNativeTarget "Netflix" */ = {
			isa = XCConfigurationList;
			buildConfigurations = (
				84826AE72BC7C2D300E115C2 /* Debug */,
				84826AE82BC7C2D300E115C2 /* Release */,
			);
			defaultConfigurationIsVisible = 0;
			defaultConfigurationName = Release;
		};
		84826AE92BC7C2D300E115C2 /* Build configuration list for PBXNativeTarget "NetflixTests" */ = {
			isa = XCConfigurationList;
			buildConfigurations = (
				84826AEA2BC7C2D300E115C2 /* Debug */,
				84826AEB2BC7C2D300E115C2 /* Release */,
			);
			defaultConfigurationIsVisible = 0;
			defaultConfigurationName = Release;
		};
		84826AEC2BC7C2D300E115C2 /* Build configuration list for PBXNativeTarget "NetflixUITests" */ = {
			isa = XCConfigurationList;
			buildConfigurations = (
				84826AED2BC7C2D300E115C2 /* Debug */,
				84826AEE2BC7C2D300E115C2 /* Release */,
			);
			defaultConfigurationIsVisible = 0;
			defaultConfigurationName = Release;
		};
/* End XCConfigurationList section */
	};
	rootObject = 84826AB42BC7C2D100E115C2 /* Project object */;
}
